
Microsoft Visual Studio Solution File, Format Version 12.00
# Visual Studio Version 17
VisualStudioVersion = 17.14.36705.20 d17.14
MinimumVisualStudioVersion = 10.0.40219.1
Project("{FAE04EC0-301F-11D3-BF4B-00C04F79EFBC}") = "flappy_bird", "flappy_bird\flappy_bird.csproj", "{B93A8610-F29B-4510-82A7-B7C9D1D749FB}"
EndProject
Global
	GlobalSection(SolutionConfigurationPlatforms) = preSolution
		Debug|Any CPU = Debug|Any CPU
		Release|Any CPU = Release|Any CPU
	EndGlobalSection
	GlobalSection(ProjectConfigurationPlatforms) = postSolution
		{B93A8610-F29B-4510-82A7-B7C9D1D749FB}.Debug|Any CPU.ActiveCfg = Debug|Any CPU
		{B93A8610-F29B-4510-82A7-B7C9D1D749FB}.Debug|Any CPU.Build.0 = Debug|Any CPU
		{B93A8610-F29B-4510-82A7-B7C9D1D749FB}.Release|Any CPU.ActiveCfg = Release|Any CPU
		{B93A8610-F29B-4510-82A7-B7C9D1D749FB}.Release|Any CPU.Build.0 = Release|Any CPU
	EndGlobalSection
	GlobalSection(SolutionProperties) = preSolution
		HideSolutionNode = FALSE
	EndGlobalSection
	GlobalSection(ExtensibilityGlobals) = postSolution
		SolutionGuid = {F273D204-C328-4772-86DC-70F94D0623AD}
	EndGlobalSection
EndGlobal
